
Microsoft Visual Studio Solution File, Format Version 12.00
# Visual Studio Version 16
VisualStudioVersion = 16.0.30011.22
MinimumVisualStudioVersion = 10.0.40219.1
Project("{FAE04EC0-301F-11D3-BF4B-00C04F79EFBC}") = "SeliseExam", "SeliseExam\SeliseExam.csproj", "{80C285A0-C7AE-47C1-A29C-2E537254462A}"
EndProject
Global
	GlobalSection(SolutionConfigurationPlatforms) = preSolution
		Debug|Any CPU = Debug|Any CPU
		Release|Any CPU = Release|Any CPU
	EndGlobalSection
	GlobalSection(ProjectConfigurationPlatforms) = postSolution
		{80C285A0-C7AE-47C1-A29C-2E537254462A}.Debug|Any CPU.ActiveCfg = Debug|Any CPU
		{80C285A0-C7AE-47C1-A29C-2E537254462A}.Debug|Any CPU.Build.0 = Debug|Any CPU
		{80C285A0-C7AE-47C1-A29C-2E537254462A}.Release|Any CPU.ActiveCfg = Release|Any CPU
		{80C285A0-C7AE-47C1-A29C-2E537254462A}.Release|Any CPU.Build.0 = Release|Any CPU
	EndGlobalSection
	GlobalSection(SolutionProperties) = preSolution
		HideSolutionNode = FALSE
	EndGlobalSection
	GlobalSection(ExtensibilityGlobals) = postSolution
		SolutionGuid = {57D828C5-305E-4DDA-8A94-A24356A0EC3E}
	EndGlobalSection
EndGlobal
