
Microsoft Visual Studio Solution File, Format Version 12.00
# Visual Studio Version 16
VisualStudioVersion = 16.0.30011.22
MinimumVisualStudioVersion = 10.0.40219.1
Project("{FAE04EC0-301F-11D3-BF4B-00C04F79EFBC}") = "FBLite", "FBLite\FBLite.csproj", "{7517AA27-58BD-4F12-B2CC-625AE47A0984}"
EndProject
Global
	GlobalSection(SolutionConfigurationPlatforms) = preSolution
		Debug|Any CPU = Debug|Any CPU
		Release|Any CPU = Release|Any CPU
	EndGlobalSection
	GlobalSection(ProjectConfigurationPlatforms) = postSolution
		{7517AA27-58BD-4F12-B2CC-625AE47A0984}.Debug|Any CPU.ActiveCfg = Debug|Any CPU
		{7517AA27-58BD-4F12-B2CC-625AE47A0984}.Debug|Any CPU.Build.0 = Debug|Any CPU
		{7517AA27-58BD-4F12-B2CC-625AE47A0984}.Release|Any CPU.ActiveCfg = Release|Any CPU
		{7517AA27-58BD-4F12-B2CC-625AE47A0984}.Release|Any CPU.Build.0 = Release|Any CPU
	EndGlobalSection
	GlobalSection(SolutionProperties) = preSolution
		HideSolutionNode = FALSE
	EndGlobalSection
	GlobalSection(ExtensibilityGlobals) = postSolution
		SolutionGuid = {6776C972-D24D-4213-A620-8173E85F0A59}
	EndGlobalSection
EndGlobal
